
Microsoft Visual Studio Solution File, Format Version 10.00
# Visual Studio 2008
Project("{FAE04EC0-301F-11D3-BF4B-00C04F79EFBC}") = "Listview_Drag_Drop", "Listview_Drag_Drop\Listview_Drag_Drop.csproj", "{96E8AC0C-9FDB-4B0B-87E1-263889B3688E}"
EndProject
Global
	GlobalSection(SolutionConfigurationPlatforms) = preSolution
		Debug|Any CPU = Debug|Any CPU
		Release|Any CPU = Release|Any CPU
	EndGlobalSection
	GlobalSection(ProjectConfigurationPlatforms) = postSolution
		{96E8AC0C-9FDB-4B0B-87E1-263889B3688E}.Debug|Any CPU.ActiveCfg = Debug|Any CPU
		{96E8AC0C-9FDB-4B0B-87E1-263889B3688E}.Debug|Any CPU.Build.0 = Debug|Any CPU
		{96E8AC0C-9FDB-4B0B-87E1-263889B3688E}.Release|Any CPU.ActiveCfg = Release|Any CPU
		{96E8AC0C-9FDB-4B0B-87E1-263889B3688E}.Release|Any CPU.Build.0 = Release|Any CPU
	EndGlobalSection
	GlobalSection(SolutionProperties) = preSolution
		HideSolutionNode = FALSE
	EndGlobalSection
EndGlobal
